
Microsoft Visual Studio Solution File, Format Version 12.00
# Visual Studio Version 17
VisualStudioVersion = 17.10.34928.147
MinimumVisualStudioVersion = 10.0.40219.1
Project("{FAE04EC0-301F-11D3-BF4B-00C04F79EFBC}") = "NDHU-CSIE-13th", "NDHU-CSIE-13th\NDHU-CSIE-13th.csproj", "{7B7ADBC7-013D-496C-B8A4-8778ACB07B43}"
EndProject
Global
	GlobalSection(SolutionConfigurationPlatforms) = preSolution
		Debug|Any CPU = Debug|Any CPU
		Release|Any CPU = Release|Any CPU
	EndGlobalSection
	GlobalSection(ProjectConfigurationPlatforms) = postSolution
		{7B7ADBC7-013D-496C-B8A4-8778ACB07B43}.Debug|Any CPU.ActiveCfg = Debug|Any CPU
		{7B7ADBC7-013D-496C-B8A4-8778ACB07B43}.Debug|Any CPU.Build.0 = Debug|Any CPU
		{7B7ADBC7-013D-496C-B8A4-8778ACB07B43}.Release|Any CPU.ActiveCfg = Release|Any CPU
		{7B7ADBC7-013D-496C-B8A4-8778ACB07B43}.Release|Any CPU.Build.0 = Release|Any CPU
	EndGlobalSection
	GlobalSection(SolutionProperties) = preSolution
		HideSolutionNode = FALSE
	EndGlobalSection
	GlobalSection(ExtensibilityGlobals) = postSolution
		SolutionGuid = {2763484C-9238-47E4-8901-50A8C686A5A9}
	EndGlobalSection
EndGlobal
